
Microsoft Visual Studio Solution File, Format Version 12.00
# Visual Studio 2012
Project("{FAE04EC0-301F-11D3-BF4B-00C04F79EFBC}") = "CP1", "CP0\CP1.csproj", "{976577D0-AB63-4376-AB37-E885752485BB}"
EndProject
Global
	GlobalSection(SolutionConfigurationPlatforms) = preSolution
		Debug|Any CPU = Debug|Any CPU
		Release|Any CPU = Release|Any CPU
	EndGlobalSection
	GlobalSection(ProjectConfigurationPlatforms) = postSolution
		{976577D0-AB63-4376-AB37-E885752485BB}.Debug|Any CPU.ActiveCfg = Debug|Any CPU
		{976577D0-AB63-4376-AB37-E885752485BB}.Debug|Any CPU.Build.0 = Debug|Any CPU
		{976577D0-AB63-4376-AB37-E885752485BB}.Release|Any CPU.ActiveCfg = Release|Any CPU
		{976577D0-AB63-4376-AB37-E885752485BB}.Release|Any CPU.Build.0 = Release|Any CPU
	EndGlobalSection
	GlobalSection(SolutionProperties) = preSolution
		HideSolutionNode = FALSE
	EndGlobalSection
EndGlobal
